# THIS IS AN AUTOGENERATED FILE. DO NOT EDIT THIS FILE DIRECTLY.
# yarn lockfile v1


"@babel/runtime@^7.15.4", "@babel/runtime@^7.16.3":
  version "7.16.7"
  resolved "https://registry.npmjs.org/@babel/runtime/-/runtime-7.16.7.tgz"
  integrity sha512-9E9FJowqAsytyOY6LG+1KuueckRL+aQW+mKvXRXnuFGyRAyepJPmEo9vgMfXUA6O9u3IeEdv9MAkppFcaQwogQ==
  dependencies:
    regenerator-runtime "^0.13.4"

"@babel/runtime@^7.16.7":
  version "7.17.0"
  resolved "https://registry.npmjs.org/@babel/runtime/-/runtime-7.17.0.tgz"
  integrity sha512-etcO/ohMNaNA2UBdaXBBSX/3aEzFMRrVfaPv8Ptc0k+cWpWW0QFiGZ2XnVqQZI1Cf734LbPGmqBKWESfW4x/dQ==
  dependencies:
    regenerator-runtime "^0.13.4"

"@noble/hashes@0.5.7":
  version "0.5.7"
  resolved "https://registry.npmjs.org/@noble/hashes/-/hashes-0.5.7.tgz"
  integrity sha512-R9PPYv7TqoYi+enikzZvwRQesGTxR0+jwqzZJGL0uNcf2NFL+lt/uvCCewtXXmr6jWBxiMuNjBfJwKv9UJaCng==

"@noble/secp256k1@1.3.4":
  version "1.3.4"
  resolved "https://registry.npmjs.org/@noble/secp256k1/-/secp256k1-1.3.4.tgz"
  integrity sha512-ZVRouDO5mbdCiDg4zCd3ZZABduRtpy4tCnB33Gh9upHe9tRzpiqbRSN1VTjrj/2g8u2c6MBi0YLNnNQpBYOiWg==

"@polkadot/api-derive@5.9.1":
  version "5.9.1"
  resolved "https://registry.npmjs.org/@polkadot/api-derive/-/api-derive-5.9.1.tgz"
  integrity sha512-iMrVKnYIS3UQciDlFqww6AFyXgG+iN8UqWu8QbTuZecri3qrSmM3Nn8Jkvju3meZIacwWIMSmBcnj8+zef3rkQ==
  dependencies:
    "@babel/runtime" "^7.15.4"
    "@polkadot/api" "5.9.1"
    "@polkadot/rpc-core" "5.9.1"
    "@polkadot/types" "5.9.1"
    "@polkadot/util" "^7.3.1"
    "@polkadot/util-crypto" "^7.3.1"
    rxjs "^7.3.0"

"@polkadot/api@5.9.1", "@polkadot/api@^5.3.2":
  version "5.9.1"
  resolved "https://registry.npmjs.org/@polkadot/api/-/api-5.9.1.tgz"
  integrity sha512-POpIXn/Ao+NLB0uMldXdXU44dVbRr6+6Ax77Z0R285M8Z2EiF5jl2K3SPvlowLo4SntxiCSaHQxCekYhUcJKlw==
  dependencies:
    "@babel/runtime" "^7.15.4"
    "@polkadot/api-derive" "5.9.1"
    "@polkadot/keyring" "^7.3.1"
    "@polkadot/rpc-core" "5.9.1"
    "@polkadot/rpc-provider" "5.9.1"
    "@polkadot/types" "5.9.1"
    "@polkadot/types-known" "5.9.1"
    "@polkadot/util" "^7.3.1"
    "@polkadot/util-crypto" "^7.3.1"
    eventemitter3 "^4.0.7"
    rxjs "^7.3.0"

"@polkadot/keyring@^7.3.1":
  version "7.9.2"
  resolved "https://registry.npmjs.org/@polkadot/keyring/-/keyring-7.9.2.tgz"
  integrity sha512-6UGoIxhiTyISkYEZhUbCPpgVxaneIfb/DBVlHtbvaABc8Mqh1KuqcTIq19Mh9wXlBuijl25rw4lUASrE/9sBqg==
  dependencies:
    "@babel/runtime" "^7.16.3"
    "@polkadot/util" "7.9.2"
    "@polkadot/util-crypto" "7.9.2"

"@polkadot/networks@7.9.2", "@polkadot/networks@^7.3.1":
  version "7.9.2"
  resolved "https://registry.npmjs.org/@polkadot/networks/-/networks-7.9.2.tgz"
  integrity sha512-4obI1RdW5/7TFwbwKA9oqw8aggVZ65JAUvIFMd2YmMC2T4+NiZLnok0WhRkhZkUnqjLIHXYNwq7Ho1i39dte0g==
  dependencies:
    "@babel/runtime" "^7.16.3"

"@polkadot/networks@8.3.3":
  version "8.3.3"
  resolved "https://registry.npmjs.org/@polkadot/networks/-/networks-8.3.3.tgz"
  integrity sha512-yj0DMqmzRZbvgaoZztV3/RPgYJjBhT17Dhu+FX/LUJzVbAF/RfjkzNsJT4Ta4kLDxQMYZq1avUac0ia2j9NcNw==
  dependencies:
    "@babel/runtime" "^7.16.7"
    "@polkadot/util" "8.3.3"

"@polkadot/rpc-core@5.9.1":
  version "5.9.1"
  resolved "https://registry.npmjs.org/@polkadot/rpc-core/-/rpc-core-5.9.1.tgz"
  integrity sha512-5fXiICAcjp7ow81DnIl2Dq/xuCtJUqyjJkxe9jNHJWBluBxOouqYDb8bYPPGSdckiaVyYe0l8lA9fBUFMdEt6w==
  dependencies:
    "@babel/runtime" "^7.15.4"
    "@polkadot/rpc-provider" "5.9.1"
    "@polkadot/types" "5.9.1"
    "@polkadot/util" "^7.3.1"
    rxjs "^7.3.0"

"@polkadot/rpc-provider@5.9.1":
  version "5.9.1"
  resolved "https://registry.npmjs.org/@polkadot/rpc-provider/-/rpc-provider-5.9.1.tgz"
  integrity sha512-9zamxfnsY7iCswXIK22W0Ji1XHLprm97js3WLw3lP2hr/uSim4Cv4y07zY/z4dDQyF0gJtjKwR27Wo9CZqdr6A==
  dependencies:
    "@babel/runtime" "^7.15.4"
    "@polkadot/types" "5.9.1"
    "@polkadot/util" "^7.3.1"
    "@polkadot/util-crypto" "^7.3.1"
    "@polkadot/x-fetch" "^7.3.1"
    "@polkadot/x-global" "^7.3.1"
    "@polkadot/x-ws" "^7.3.1"
    eventemitter3 "^4.0.7"

"@polkadot/types-known@5.9.1":
  version "5.9.1"
  resolved "https://registry.npmjs.org/@polkadot/types-known/-/types-known-5.9.1.tgz"
  integrity sha512-7lpLuIVGaKziQRzPMnTxyjlYy3spL6WqUg3CcEzmJUKQeUonHglOliQh8JSSz1bcP+YuNHGXK1cKsTjHb+GYxA==
  dependencies:
    "@babel/runtime" "^7.15.4"
    "@polkadot/networks" "^7.3.1"
    "@polkadot/types" "5.9.1"
    "@polkadot/util" "^7.3.1"

"@polkadot/types@5.9.1":
  version "5.9.1"
  resolved "https://registry.npmjs.org/@polkadot/types/-/types-5.9.1.tgz"
  integrity sha512-30vcSlNBxPyWYZaxKDr/BoMhfLCRKB265XxpnnNJmbdZZsL+N4Zp2mJR9/UbA6ypmJBkUjD7b1s9AYsLwUs+8w==
  dependencies:
    "@babel/runtime" "^7.15.4"
    "@polkadot/util" "^7.3.1"
    "@polkadot/util-crypto" "^7.3.1"
    rxjs "^7.3.0"

"@polkadot/util-crypto@7.9.2", "@polkadot/util-crypto@^7.3.1":
  version "7.9.2"
  resolved "https://registry.npmjs.org/@polkadot/util-crypto/-/util-crypto-7.9.2.tgz"
  integrity sha512-nNwqUwP44eCH9jKKcPie+IHLKkg9LMe6H7hXo91hy3AtoslnNrT51tP3uAm5yllhLvswJfnAgnlHq7ybCgqeFw==
  dependencies:
    "@babel/runtime" "^7.16.3"
    "@polkadot/networks" "7.9.2"
    "@polkadot/util" "7.9.2"
    "@polkadot/wasm-crypto" "^4.4.1"
    "@polkadot/x-randomvalues" "7.9.2"
    blakejs "^1.1.1"
    bn.js "^4.12.0"
    create-hash "^1.2.0"
    ed2curve "^0.3.0"
    elliptic "^6.5.4"
    hash.js "^1.1.7"
    js-sha3 "^0.8.0"
    micro-base "^0.9.0"
    scryptsy "^2.1.0"
    tweetnacl "^1.0.3"
    xxhashjs "^0.2.2"

"@polkadot/util-crypto@^8.3.3":
  version "8.3.3"
  resolved "https://registry.npmjs.org/@polkadot/util-crypto/-/util-crypto-8.3.3.tgz"
  integrity sha512-kXaT2VTEbJq1wNiV0Dz5qJuVWy7pK+x1QLcyWC+6OFERYO+BCp1Y2bTOcLUeF/gyyR/ZaRMMdTyu0ZbHrwH0xg==
  dependencies:
    "@babel/runtime" "^7.16.7"
    "@noble/hashes" "0.5.7"
    "@noble/secp256k1" "1.3.4"
    "@polkadot/networks" "8.3.3"
    "@polkadot/util" "8.3.3"
    "@polkadot/wasm-crypto" "^4.5.1"
    "@polkadot/x-bigint" "8.3.3"
    "@polkadot/x-randomvalues" "8.3.3"
    ed2curve "^0.3.0"
    micro-base "^0.10.2"
    tweetnacl "^1.0.3"

"@polkadot/util@7.9.2", "@polkadot/util@^7.3.1":
  version "7.9.2"
  resolved "https://registry.npmjs.org/@polkadot/util/-/util-7.9.2.tgz"
  integrity sha512-6ABY6ErgkCsM4C6+X+AJSY4pBGwbKlHZmUtHftaiTvbaj4XuA4nTo3GU28jw8wY0Jh2cJZJvt6/BJ5GVkm5tBA==
  dependencies:
    "@babel/runtime" "^7.16.3"
    "@polkadot/x-textdecoder" "7.9.2"
    "@polkadot/x-textencoder" "7.9.2"
    "@types/bn.js" "^4.11.6"
    bn.js "^4.12.0"
    camelcase "^6.2.1"
    ip-regex "^4.3.0"

"@polkadot/util@8.3.3", "@polkadot/util@^8.3.3":
  version "8.3.3"
  resolved "https://registry.npmjs.org/@polkadot/util/-/util-8.3.3.tgz"
  integrity sha512-8u1NShSHrCFeFvxWL8WAyRN8y1/iPvijqYCDeeHziBxCNBrL3VKDc9GNF11skeay/EKQiCHBSBeAYyyQOpLebA==
  dependencies:
    "@babel/runtime" "^7.16.7"
    "@polkadot/x-bigint" "8.3.3"
    "@polkadot/x-global" "8.3.3"
    "@polkadot/x-textdecoder" "8.3.3"
    "@polkadot/x-textencoder" "8.3.3"
    "@types/bn.js" "^4.11.6"
    bn.js "^4.12.0"
    ip-regex "^4.3.0"

"@polkadot/wasm-crypto-asmjs@^4.5.1":
  version "4.5.1"
  resolved "https://registry.npmjs.org/@polkadot/wasm-crypto-asmjs/-/wasm-crypto-asmjs-4.5.1.tgz"
  integrity sha512-DOdRiWhxVvmqTvp+E9z1j+Yr0zDOGsDvqnT/eNw0Dl1FVUOImsEa7FKns/urASmcxCVEE1jtUWSnij29jrORMQ==
  dependencies:
    "@babel/runtime" "^7.16.3"

"@polkadot/wasm-crypto-wasm@^4.5.1":
  version "4.5.1"
  resolved "https://registry.npmjs.org/@polkadot/wasm-crypto-wasm/-/wasm-crypto-wasm-4.5.1.tgz"
  integrity sha512-hPwke85HxpgG/RAlwdCE8u5w7bThvWg399mlB+XjogXMxOUWBZSgq2XYbgzROUXx27inK9nStF4Pnc4zJnqs9A==
  dependencies:
    "@babel/runtime" "^7.16.3"

"@polkadot/wasm-crypto@^4.4.1", "@polkadot/wasm-crypto@^4.5.1":
  version "4.5.1"
  resolved "https://registry.npmjs.org/@polkadot/wasm-crypto/-/wasm-crypto-4.5.1.tgz"
  integrity sha512-Cr21ais3Kq3aedIHZ3J1tjgeD/+K8FCiwEawr0oRywNBSJR8wyuZMePs4swR/6xm8wbBkpqoBVHz/UQHqqQJmA==
  dependencies:
    "@babel/runtime" "^7.16.3"
    "@polkadot/wasm-crypto-asmjs" "^4.5.1"
    "@polkadot/wasm-crypto-wasm" "^4.5.1"

"@polkadot/x-bigint@8.3.3":
  version "8.3.3"
  resolved "https://registry.npmjs.org/@polkadot/x-bigint/-/x-bigint-8.3.3.tgz"
  integrity sha512-2CT25f0zN/uhch3KpM38jtQfFJ1zJCNT41exg49ztsOvm4f6l+6hW91NLhNAZ313B/c6Z4Lm3DalsjAOdBZ8Nw==
  dependencies:
    "@babel/runtime" "^7.16.7"
    "@polkadot/x-global" "8.3.3"

"@polkadot/x-fetch@^7.3.1":
  version "7.9.2"
  resolved "https://registry.npmjs.org/@polkadot/x-fetch/-/x-fetch-7.9.2.tgz"
  integrity sha512-zutLkFJVaLVpY3cIGYJD0AReLfAnPr2J82Ca4pvy/BxqwwGYuGLcn36A4m6nliGBP2lcH4oYY+mcCqIwoPWQUQ==
  dependencies:
    "@babel/runtime" "^7.16.3"
    "@polkadot/x-global" "7.9.2"
    "@types/node-fetch" "^2.5.12"
    node-fetch "^2.6.6"

"@polkadot/x-global@7.9.2", "@polkadot/x-global@^7.3.1":
  version "7.9.2"
  resolved "https://registry.npmjs.org/@polkadot/x-global/-/x-global-7.9.2.tgz"
  integrity sha512-JX5CrGWckHf1P9xKXq4vQCAuMUbL81l2hOWX7xeP8nv4caHEpmf5T1wD1iMdQBL5PFifo6Pg0V6/oZBB+bts7A==
  dependencies:
    "@babel/runtime" "^7.16.3"

"@polkadot/x-global@8.3.3":
  version "8.3.3"
  resolved "https://registry.npmjs.org/@polkadot/x-global/-/x-global-8.3.3.tgz"
  integrity sha512-7DWjcNhTDIpYNiQmLq56o6xYOONr0i6WXdoPUxYrToxZWeWyj/FWaYMfttedLydABPcy87lmvIy8ECp7qCcnyw==
  dependencies:
    "@babel/runtime" "^7.16.7"

"@polkadot/x-randomvalues@7.9.2":
  version "7.9.2"
  resolved "https://registry.npmjs.org/@polkadot/x-randomvalues/-/x-randomvalues-7.9.2.tgz"
  integrity sha512-svQfG31yCXf6yVyIgP0NgCzEy7oc3Lw054ZspkaqjOivxYdrXaf5w3JSSUyM/MRjI2+nk+B/EyJoMYcfSwTfsQ==
  dependencies:
    "@babel/runtime" "^7.16.3"
    "@polkadot/x-global" "7.9.2"

"@polkadot/x-randomvalues@8.3.3":
  version "8.3.3"
  resolved "https://registry.npmjs.org/@polkadot/x-randomvalues/-/x-randomvalues-8.3.3.tgz"
  integrity sha512-yxM6GWQholf+vY4dHxKVwtJwDzNUz4UJlL/iN3PA0cuhQ37gxmtJugnNAllcFd8LDNXEN47Ky6Ifw1OHHmZaVw==
  dependencies:
    "@babel/runtime" "^7.16.7"
    "@polkadot/x-global" "8.3.3"

"@polkadot/x-textdecoder@7.9.2":
  version "7.9.2"
  resolved "https://registry.npmjs.org/@polkadot/x-textdecoder/-/x-textdecoder-7.9.2.tgz"
  integrity sha512-wfwbSHXPhrOAl12QvlIOGNkMH/N/h8PId2ytIjvM/8zPPFB5Il6DWSFLtVapOGEpIFjEWbd5t8Td4pHBVXIEbg==
  dependencies:
    "@babel/runtime" "^7.16.3"
    "@polkadot/x-global" "7.9.2"

"@polkadot/x-textdecoder@8.3.3":
  version "8.3.3"
  resolved "https://registry.npmjs.org/@polkadot/x-textdecoder/-/x-textdecoder-8.3.3.tgz"
  integrity sha512-oEvFJv/F+fQ336ciRuJJgJFtfyOX6a2Nyr/5GCkiSQjkEIdnBUuO49yXpHNmQsNI0WndLWIEitiVVa9KuDslYw==
  dependencies:
    "@babel/runtime" "^7.16.7"
    "@polkadot/x-global" "8.3.3"

"@polkadot/x-textencoder@7.9.2":
  version "7.9.2"
  resolved "https://registry.npmjs.org/@polkadot/x-textencoder/-/x-textencoder-7.9.2.tgz"
  integrity sha512-A19wwYINuZwU2dUyQ/mMzB0ISjyfc4cISfL4zCMUAVgj7xVoXMYV2GfjNdMpA8Wsjch3su6pxLbtJ2wU03sRTQ==
  dependencies:
    "@babel/runtime" "^7.16.3"
    "@polkadot/x-global" "7.9.2"

"@polkadot/x-textencoder@8.3.3":
  version "8.3.3"
  resolved "https://registry.npmjs.org/@polkadot/x-textencoder/-/x-textencoder-8.3.3.tgz"
  integrity sha512-acVsJjmlQ7aluUq8JARY2wJAbf+6dvZNoUrvgzdX/jl5MqvqeIXmX3LX71MyidLt27Z537VDgNzWw8V/524AVQ==
  dependencies:
    "@babel/runtime" "^7.16.7"
    "@polkadot/x-global" "8.3.3"

"@polkadot/x-ws@^7.3.1":
  version "7.9.2"
  resolved "https://registry.npmjs.org/@polkadot/x-ws/-/x-ws-7.9.2.tgz"
  integrity sha512-+yppMsZtvDztVOSmkqAQuhR6TfV1Axa6ergAsWb52DrfXvFP5geqtARsI6ZdDgMsE3qHSVQTcJz8vgNOr5+ztQ==
  dependencies:
    "@babel/runtime" "^7.16.3"
    "@polkadot/x-global" "7.9.2"
    "@types/websocket" "^1.0.4"
    websocket "^1.0.34"

"@types/bn.js@^4.11.6":
  version "4.11.6"
  resolved "https://registry.npmjs.org/@types/bn.js/-/bn.js-4.11.6.tgz"
  integrity sha512-pqr857jrp2kPuO9uRjZ3PwnJTjoQy+fcdxvBTvHm6dkmEL9q+hDD/2j/0ELOBPtPnS8LjCX0gI9nbl8lVkadpg==
  dependencies:
    "@types/node" "*"

"@types/node-fetch@^2.5.12":
  version "2.5.12"
  resolved "https://registry.npmjs.org/@types/node-fetch/-/node-fetch-2.5.12.tgz"
  integrity sha512-MKgC4dlq4kKNa/mYrwpKfzQMB5X3ee5U6fSprkKpToBqBmX4nFZL9cW5jl6sWn+xpRJ7ypWh2yyqqr8UUCstSw==
  dependencies:
    "@types/node" "*"
    form-data "^3.0.0"

"@types/node@*":
  version "17.0.12"
  resolved "https://registry.npmjs.org/@types/node/-/node-17.0.12.tgz"
  integrity sha512-4YpbAsnJXWYK/fpTVFlMIcUIho2AYCi4wg5aNPrG1ng7fn/1/RZfCIpRCiBX+12RVa34RluilnvCqD+g3KiSiA==

"@types/websocket@^1.0.4":
  version "1.0.4"
  resolved "https://registry.npmjs.org/@types/websocket/-/websocket-1.0.4.tgz"
  integrity sha512-qn1LkcFEKK8RPp459jkjzsfpbsx36BBt3oC3pITYtkoBw/aVX+EZFa5j3ThCRTNpLFvIMr5dSTD4RaMdilIOpA==
  dependencies:
    "@types/node" "*"

asynckit@^0.4.0:
  version "0.4.0"
  resolved "https://registry.npmjs.org/asynckit/-/asynckit-0.4.0.tgz"
  integrity sha1-x57Zf380y48robyXkLzDZkdLS3k=

axios@^0.24.0:
  version "0.24.0"
  resolved "https://registry.npmjs.org/axios/-/axios-0.24.0.tgz"
  integrity sha512-Q6cWsys88HoPgAaFAVUb0WpPk0O8iTeisR9IMqy9G8AbO4NlpVknrnQS03zzF9PGAWgO3cgletO3VjV/P7VztA==
  dependencies:
    follow-redirects "^1.14.4"

bignumber.js@^9.0.2:
  version "9.0.2"
  resolved "https://registry.npmjs.org/bignumber.js/-/bignumber.js-9.0.2.tgz"
  integrity sha512-GAcQvbpsM0pUb0zw1EI0KhQEZ+lRwR5fYaAp3vPOYuP7aDvGy6cVN6XHLauvF8SOga2y0dcLcjt3iQDTSEliyw==

blakejs@^1.1.1:
  version "1.1.1"
  resolved "https://registry.npmjs.org/blakejs/-/blakejs-1.1.1.tgz"
  integrity sha512-bLG6PHOCZJKNshTjGRBvET0vTciwQE6zFKOKKXPDJfwFBd4Ac0yBfPZqcGvGJap50l7ktvlpFqc2jGVaUgbJgg==

bn.js@^4.11.9, bn.js@^4.12.0:
  version "4.12.0"
  resolved "https://registry.npmjs.org/bn.js/-/bn.js-4.12.0.tgz"
  integrity sha512-c98Bf3tPniI+scsdk237ku1Dc3ujXQTSgyiPUDEOe7tRkhrqridvh8klBv0HCEso1OLOYcHuCv/cS6DNxKH+ZA==

brorand@^1.1.0:
  version "1.1.0"
  resolved "https://registry.npmjs.org/brorand/-/brorand-1.1.0.tgz"
  integrity sha1-EsJe/kCkXjwyPrhnWgoM5XsiNx8=

bufferutil@^4.0.1:
  version "4.0.6"
  resolved "https://registry.npmjs.org/bufferutil/-/bufferutil-4.0.6.tgz"
  integrity sha512-jduaYOYtnio4aIAyc6UbvPCVcgq7nYpVnucyxr6eCYg/Woad9Hf/oxxBRDnGGjPfjUm6j5O/uBWhIu4iLebFaw==
  dependencies:
    node-gyp-build "^4.3.0"

camelcase@^6.2.1:
  version "6.3.0"
  resolved "https://registry.npmjs.org/camelcase/-/camelcase-6.3.0.tgz"
  integrity sha512-Gmy6FhYlCY7uOElZUSbxo2UCDH8owEk996gkbrpsgGtrJLM3J7jGxl9Ic7Qwwj4ivOE5AWZWRMecDdF7hqGjFA==

cipher-base@^1.0.1:
  version "1.0.4"
  resolved "https://registry.npmjs.org/cipher-base/-/cipher-base-1.0.4.tgz"
  integrity sha512-Kkht5ye6ZGmwv40uUDZztayT2ThLQGfnj/T71N/XzeZeo3nf8foyW7zGTsPYkEya3m5f3cAypH+qe7YOrM1U2Q==
  dependencies:
    inherits "^2.0.1"
    safe-buffer "^5.0.1"

combined-stream@^1.0.8:
  version "1.0.8"
  resolved "https://registry.npmjs.org/combined-stream/-/combined-stream-1.0.8.tgz"
  integrity sha512-FQN4MRfuJeHf7cBbBMJFXhKSDq+2kAArBlmRBvcvFE5BB1HZKXtSFASDhdlz9zOYwxh8lDdnvmMOe/+5cdoEdg==
  dependencies:
    delayed-stream "~1.0.0"

create-hash@^1.2.0:
  version "1.2.0"
  resolved "https://registry.npmjs.org/create-hash/-/create-hash-1.2.0.tgz"
  integrity sha512-z00bCGNHDG8mHAkP7CtT1qVu+bFQUPjYq/4Iv3C3kWjTFV10zIjfSoeqXo9Asws8gwSHDGj/hl2u4OGIjapeCg==
  dependencies:
    cipher-base "^1.0.1"
    inherits "^2.0.1"
    md5.js "^1.3.4"
    ripemd160 "^2.0.1"
    sha.js "^2.4.0"

cuint@^0.2.2:
  version "0.2.2"
  resolved "https://registry.npmjs.org/cuint/-/cuint-0.2.2.tgz"
  integrity sha1-QICG1AlVDCYxFVYZ6fp7ytw7mRs=

d@1, d@^1.0.1:
  version "1.0.1"
  resolved "https://registry.npmjs.org/d/-/d-1.0.1.tgz"
  integrity sha512-m62ShEObQ39CfralilEQRjH6oAMtNCV1xJyEx5LpRYUVN+EviphDgUc/F3hnYbADmkiNs67Y+3ylmlG7Lnu+FA==
  dependencies:
    es5-ext "^0.10.50"
    type "^1.0.1"

debug@^2.2.0:
  version "2.6.9"
  resolved "https://registry.npmjs.org/debug/-/debug-2.6.9.tgz"
  integrity sha512-bC7ElrdJaJnPbAP+1EotYvqZsb3ecl5wi6Bfi6BJTUcNowp6cvspg0jXznRTKDjm/E7AdgFBVeAPVMNcKGsHMA==
  dependencies:
    ms "2.0.0"

delayed-stream@~1.0.0:
  version "1.0.0"
  resolved "https://registry.npmjs.org/delayed-stream/-/delayed-stream-1.0.0.tgz"
  integrity sha1-3zrhmayt+31ECqrgsp4icrJOxhk=

dotenv@^10.0.0:
  version "10.0.0"
  resolved "https://registry.npmjs.org/dotenv/-/dotenv-10.0.0.tgz"
  integrity sha512-rlBi9d8jpv9Sf1klPjNfFAuWDjKLwTIJJ/VxtoTwIR6hnZxcEOQCZg2oIL3MWBYw5GpUDKOEnND7LXTbIpQ03Q==

ed2curve@^0.3.0:
  version "0.3.0"
  resolved "https://registry.npmjs.org/ed2curve/-/ed2curve-0.3.0.tgz"
  integrity sha512-8w2fmmq3hv9rCrcI7g9hms2pMunQr1JINfcjwR9tAyZqhtyaMN991lF/ZfHfr5tzZQ8c7y7aBgZbjfbd0fjFwQ==
  dependencies:
    tweetnacl "1.x.x"

elliptic@^6.5.4:
  version "6.5.4"
  resolved "https://registry.npmjs.org/elliptic/-/elliptic-6.5.4.tgz"
  integrity sha512-iLhC6ULemrljPZb+QutR5TQGB+pdW6KGD5RSegS+8sorOZT+rdQFbsQFJgvN3eRqNALqJer4oQ16YvJHlU8hzQ==
  dependencies:
    bn.js "^4.11.9"
    brorand "^1.1.0"
    hash.js "^1.0.0"
    hmac-drbg "^1.0.1"
    inherits "^2.0.4"
    minimalistic-assert "^1.0.1"
    minimalistic-crypto-utils "^1.0.1"

es5-ext@^0.10.35, es5-ext@^0.10.50:
  version "0.10.53"
  resolved "https://registry.npmjs.org/es5-ext/-/es5-ext-0.10.53.tgz"
  integrity sha512-Xs2Stw6NiNHWypzRTY1MtaG/uJlwCk8kH81920ma8mvN8Xq1gsfhZvpkImLQArw8AHnv8MT2I45J3c0R8slE+Q==
  dependencies:
    es6-iterator "~2.0.3"
    es6-symbol "~3.1.3"
    next-tick "~1.0.0"

es6-iterator@~2.0.3:
  version "2.0.3"
  resolved "https://registry.npmjs.org/es6-iterator/-/es6-iterator-2.0.3.tgz"
  integrity sha1-p96IkUGgWpSwhUQDstCg+/qY87c=
  dependencies:
    d "1"
    es5-ext "^0.10.35"
    es6-symbol "^3.1.1"

es6-symbol@^3.1.1, es6-symbol@~3.1.3:
  version "3.1.3"
  resolved "https://registry.npmjs.org/es6-symbol/-/es6-symbol-3.1.3.tgz"
  integrity sha512-NJ6Yn3FuDinBaBRWl/q5X/s4koRHBrgKAu+yGI6JCBeiu3qrcbJhwT2GeR/EXVfylRk8dpQVJoLEFhK+Mu31NA==
  dependencies:
    d "^1.0.1"
    ext "^1.1.2"

eventemitter3@^4.0.7:
  version "4.0.7"
  resolved "https://registry.npmjs.org/eventemitter3/-/eventemitter3-4.0.7.tgz"
  integrity sha512-8guHBZCwKnFhYdHr2ysuRWErTwhoN2X8XELRlrRwpmfeY2jjuUN4taQMsULKUVo1K4DvZl+0pgfyoysHxvmvEw==

ext@^1.1.2:
  version "1.6.0"
  resolved "https://registry.npmjs.org/ext/-/ext-1.6.0.tgz"
  integrity sha512-sdBImtzkq2HpkdRLtlLWDa6w4DX22ijZLKx8BMPUuKe1c5lbN6xwQDQCxSfxBQnHZ13ls/FH0MQZx/q/gr6FQg==
  dependencies:
    type "^2.5.0"

follow-redirects@^1.14.4:
  version "1.14.7"
  resolved "https://registry.npmjs.org/follow-redirects/-/follow-redirects-1.14.7.tgz"
  integrity sha512-+hbxoLbFMbRKDwohX8GkTataGqO6Jb7jGwpAlwgy2bIz25XtRm7KEzJM76R1WiNT5SwZkX4Y75SwBolkpmE7iQ==

form-data@^3.0.0:
  version "3.0.1"
  resolved "https://registry.npmjs.org/form-data/-/form-data-3.0.1.tgz"
  integrity sha512-RHkBKtLWUVwd7SqRIvCZMEvAMoGUp0XU+seQiZejj0COz3RI3hWP4sCv3gZWWLjJTd7rGwcsF5eKZGii0r/hbg==
  dependencies:
    asynckit "^0.4.0"
    combined-stream "^1.0.8"
    mime-types "^2.1.12"

hash-base@^3.0.0:
  version "3.1.0"
  resolved "https://registry.npmjs.org/hash-base/-/hash-base-3.1.0.tgz"
  integrity sha512-1nmYp/rhMDiE7AYkDw+lLwlAzz0AntGIe51F3RfFfEqyQ3feY2eI/NcwC6umIQVOASPMsWJLJScWKSSvzL9IVA==
  dependencies:
    inherits "^2.0.4"
    readable-stream "^3.6.0"
    safe-buffer "^5.2.0"

hash.js@^1.0.0, hash.js@^1.0.3, hash.js@^1.1.7:
  version "1.1.7"
  resolved "https://registry.npmjs.org/hash.js/-/hash.js-1.1.7.tgz"
  integrity sha512-taOaskGt4z4SOANNseOviYDvjEJinIkRgmp7LbKP2YTTmVxWBl87s/uzK9r+44BclBSp2X7K1hqeNfz9JbBeXA==
  dependencies:
    inherits "^2.0.3"
    minimalistic-assert "^1.0.1"

hmac-drbg@^1.0.1:
  version "1.0.1"
  resolved "https://registry.npmjs.org/hmac-drbg/-/hmac-drbg-1.0.1.tgz"
  integrity sha1-0nRXAQJabHdabFRXk+1QL8DGSaE=
  dependencies:
    hash.js "^1.0.3"
    minimalistic-assert "^1.0.0"
    minimalistic-crypto-utils "^1.0.1"

inherits@^2.0.1, inherits@^2.0.3, inherits@^2.0.4:
  version "2.0.4"
  resolved "https://registry.npmjs.org/inherits/-/inherits-2.0.4.tgz"
  integrity sha512-k/vGaX4/Yla3WzyMCvTQOXYeIHvqOKtnqBduzTHpzpQZzAskKMhZ2K+EnBiSM9zGSoIFeMpXKxa4dYeZIQqewQ==

ip-regex@^4.3.0:
  version "4.3.0"
  resolved "https://registry.npmjs.org/ip-regex/-/ip-regex-4.3.0.tgz"
  integrity sha512-B9ZWJxHHOHUhUjCPrMpLD4xEq35bUTClHM1S6CBU5ixQnkZmwipwgc96vAd7AAGM9TGHvJR+Uss+/Ak6UphK+Q==

is-typedarray@^1.0.0:
  version "1.0.0"
  resolved "https://registry.npmjs.org/is-typedarray/-/is-typedarray-1.0.0.tgz"
  integrity sha1-5HnICFjfDBsR3dppQPlgEfzaSpo=

js-sha3@^0.8.0:
  version "0.8.0"
  resolved "https://registry.npmjs.org/js-sha3/-/js-sha3-0.8.0.tgz"
  integrity sha512-gF1cRrHhIzNfToc802P800N8PpXS+evLLXfsVpowqmAFR9uwbi89WvXg2QspOmXL8QL86J4T1EpFu+yUkwJY3Q==

md5.js@^1.3.4:
  version "1.3.5"
  resolved "https://registry.npmjs.org/md5.js/-/md5.js-1.3.5.tgz"
  integrity sha512-xitP+WxNPcTTOgnTJcrhM0xvdPepipPSf3I8EIpGKeFLjt3PlJLIDG3u8EX53ZIubkb+5U2+3rELYpEhHhzdkg==
  dependencies:
    hash-base "^3.0.0"
    inherits "^2.0.1"
    safe-buffer "^5.1.2"

micro-base@^0.10.2:
  version "0.10.2"
  resolved "https://registry.npmjs.org/micro-base/-/micro-base-0.10.2.tgz"
  integrity sha512-lqqJrT7lfJtDmmiQ4zRLZuIJBk96t0RAc5pCrrWpL9zDeH5i/SUL85mku9HqzTI/OCZ8EQ3aicbMW+eK5Nyu5w==

micro-base@^0.9.0:
  version "0.9.0"
  resolved "https://registry.npmjs.org/micro-base/-/micro-base-0.9.0.tgz"
  integrity sha512-4+tOMKidYT5nQ6/UNmYrGVO5PMcnJdfuR4NC8HK8s2H61B4itOhA9yrsjBdqGV7ecdtej36x3YSIfPLRmPrspg==

mime-db@1.51.0:
  version "1.51.0"
  resolved "https://registry.npmjs.org/mime-db/-/mime-db-1.51.0.tgz"
  integrity sha512-5y8A56jg7XVQx2mbv1lu49NR4dokRnhZYTtL+KGfaa27uq4pSTXkwQkFJl4pkRMyNFz/EtYDSkiiEHx3F7UN6g==

mime-types@^2.1.12:
  version "2.1.34"
  resolved "https://registry.npmjs.org/mime-types/-/mime-types-2.1.34.tgz"
  integrity sha512-6cP692WwGIs9XXdOO4++N+7qjqv0rqxxVvJ3VHPh/Sc9mVZcQP+ZGhkKiTvWMQRr2tbHkJP/Yn7Y0npb3ZBs4A==
  dependencies:
    mime-db "1.51.0"

minimalistic-assert@^1.0.0, minimalistic-assert@^1.0.1:
  version "1.0.1"
  resolved "https://registry.npmjs.org/minimalistic-assert/-/minimalistic-assert-1.0.1.tgz"
  integrity sha512-UtJcAD4yEaGtjPezWuO9wC4nwUnVH/8/Im3yEHQP4b67cXlD/Qr9hdITCU1xDbSEXg2XKNaP8jsReV7vQd00/A==

minimalistic-crypto-utils@^1.0.1:
  version "1.0.1"
  resolved "https://registry.npmjs.org/minimalistic-crypto-utils/-/minimalistic-crypto-utils-1.0.1.tgz"
  integrity sha1-9sAMHAsIIkblxNmd+4x8CDsrWCo=

moment@^2.29.1:
  version "2.29.1"
  resolved "https://registry.npmjs.org/moment/-/moment-2.29.1.tgz"
  integrity sha512-kHmoybcPV8Sqy59DwNDY3Jefr64lK/by/da0ViFcuA4DH0vQg5Q6Ze5VimxkfQNSC+Mls/Kx53s7TjP1RhFEDQ==

ms@2.0.0:
  version "2.0.0"
  resolved "https://registry.npmjs.org/ms/-/ms-2.0.0.tgz"
  integrity sha1-VgiurfwAvmwpAd9fmGF4jeDVl8g=

next-tick@~1.0.0:
  version "1.0.0"
  resolved "https://registry.npmjs.org/next-tick/-/next-tick-1.0.0.tgz"
  integrity sha1-yobR/ogoFpsBICCOPchCS524NCw=

node-fetch@^2.6.6:
  version "2.6.7"
  resolved "https://registry.npmjs.org/node-fetch/-/node-fetch-2.6.7.tgz"
  integrity sha512-ZjMPFEfVx5j+y2yF35Kzx5sF7kDzxuDj6ziH4FFbOp87zKDZNx8yExJIb05OGF4Nlt9IHFIMBkRl41VdvcNdbQ==
  dependencies:
    whatwg-url "^5.0.0"

node-gyp-build@^4.3.0:
  version "4.3.0"
  resolved "https://registry.npmjs.org/node-gyp-build/-/node-gyp-build-4.3.0.tgz"
  integrity sha512-iWjXZvmboq0ja1pUGULQBexmxq8CV4xBhX7VDOTbL7ZR4FOowwY/VOtRxBN/yKxmdGoIp4j5ysNT4u3S2pDQ3Q==

readable-stream@^3.6.0:
  version "3.6.0"
  resolved "https://registry.npmjs.org/readable-stream/-/readable-stream-3.6.0.tgz"
  integrity sha512-BViHy7LKeTz4oNnkcLJ+lVSL6vpiFeX6/d3oSH8zCW7UxP2onchk+vTGB143xuFjHS3deTgkKoXXymXqymiIdA==
  dependencies:
    inherits "^2.0.3"
    string_decoder "^1.1.1"
    util-deprecate "^1.0.1"

regenerator-runtime@^0.13.4:
  version "0.13.9"
  resolved "https://registry.npmjs.org/regenerator-runtime/-/regenerator-runtime-0.13.9.tgz"
  integrity sha512-p3VT+cOEgxFsRRA9X4lkI1E+k2/CtnKtU4gcxyaCUreilL/vqI6CdZ3wxVUx3UOUg+gnUOQQcRI7BmSI656MYA==

ripemd160@^2.0.1:
  version "2.0.2"
  resolved "https://registry.npmjs.org/ripemd160/-/ripemd160-2.0.2.tgz"
  integrity sha512-ii4iagi25WusVoiC4B4lq7pbXfAp3D9v5CwfkY33vffw2+pkDjY1D8GaN7spsxvCSx8dkPqOZCEZyfxcmJG2IA==
  dependencies:
    hash-base "^3.0.0"
    inherits "^2.0.1"

rxjs@^7.3.0:
  version "7.5.2"
  resolved "https://registry.npmjs.org/rxjs/-/rxjs-7.5.2.tgz"
  integrity sha512-PwDt186XaL3QN5qXj/H9DGyHhP3/RYYgZZwqBv9Tv8rsAaiwFH1IsJJlcgD37J7UW5a6O67qX0KWKS3/pu0m4w==
  dependencies:
    tslib "^2.1.0"

safe-buffer@^5.0.1, safe-buffer@^5.1.2, safe-buffer@^5.2.0, safe-buffer@~5.2.0:
  version "5.2.1"
  resolved "https://registry.npmjs.org/safe-buffer/-/safe-buffer-5.2.1.tgz"
  integrity sha512-rp3So07KcdmmKbGvgaNxQSJr7bGVSVk5S9Eq1F+ppbRo70+YeaDxkw5Dd8NPN+GD6bjnYm2VuPuCXmpuYvmCXQ==

scryptsy@^2.1.0:
  version "2.1.0"
  resolved "https://registry.npmjs.org/scryptsy/-/scryptsy-2.1.0.tgz"
  integrity sha512-1CdSqHQowJBnMAFyPEBRfqag/YP9OF394FV+4YREIJX4ljD7OxvQRDayyoyyCk+senRjSkP6VnUNQmVQqB6g7w==

sha.js@^2.4.0:
  version "2.4.11"
  resolved "https://registry.npmjs.org/sha.js/-/sha.js-2.4.11.tgz"
  integrity sha512-QMEp5B7cftE7APOjk5Y6xgrbWu+WkLVQwk8JNjZ8nKRciZaByEW6MubieAiToS7+dwvrjGhH8jRXz3MVd0AYqQ==
  dependencies:
    inherits "^2.0.1"
    safe-buffer "^5.0.1"

string_decoder@^1.1.1:
  version "1.3.0"
  resolved "https://registry.npmjs.org/string_decoder/-/string_decoder-1.3.0.tgz"
  integrity sha512-hkRX8U1WjJFd8LsDJ2yQ/wWWxaopEsABU1XfkM8A+j0+85JAGppt16cr1Whg6KIbb4okU6Mql6BOj+uup/wKeA==
  dependencies:
    safe-buffer "~5.2.0"

tr46@~0.0.3:
  version "0.0.3"
  resolved "https://registry.npmjs.org/tr46/-/tr46-0.0.3.tgz"
  integrity sha1-gYT9NH2snNwYWZLzpmIuFLnZq2o=

tslib@^2.1.0:
  version "2.3.1"
  resolved "https://registry.npmjs.org/tslib/-/tslib-2.3.1.tgz"
  integrity sha512-77EbyPPpMz+FRFRuAFlWMtmgUWGe9UOG2Z25NqCwiIjRhOf5iKGuzSe5P2w1laq+FkRy4p+PCuVkJSGkzTEKVw==

tweetnacl@1.x.x, tweetnacl@^1.0.3:
  version "1.0.3"
  resolved "https://registry.npmjs.org/tweetnacl/-/tweetnacl-1.0.3.tgz"
  integrity sha512-6rt+RN7aOi1nGMyC4Xa5DdYiukl2UWCbcJft7YhxReBGQD7OAM8Pbxw6YMo4r2diNEA8FEmu32YOn9rhaiE5yw==

type@^1.0.1:
  version "1.2.0"
  resolved "https://registry.npmjs.org/type/-/type-1.2.0.tgz"
  integrity sha512-+5nt5AAniqsCnu2cEQQdpzCAh33kVx8n0VoFidKpB1dVVLAN/F+bgVOqOJqOnEnrhp222clB5p3vUlD+1QAnfg==

type@^2.5.0:
  version "2.5.0"
  resolved "https://registry.npmjs.org/type/-/type-2.5.0.tgz"
  integrity sha512-180WMDQaIMm3+7hGXWf12GtdniDEy7nYcyFMKJn/eZz/6tSLXrUN9V0wKSbMjej0I1WHWbpREDEKHtqPQa9NNw==

typedarray-to-buffer@^3.1.5:
  version "3.1.5"
  resolved "https://registry.npmjs.org/typedarray-to-buffer/-/typedarray-to-buffer-3.1.5.tgz"
  integrity sha512-zdu8XMNEDepKKR+XYOXAVPtWui0ly0NtohUscw+UmaHiAWT8hrV1rr//H6V+0DvJ3OQ19S979M0laLfX8rm82Q==
  dependencies:
    is-typedarray "^1.0.0"

utf-8-validate@^5.0.2:
  version "5.0.8"
  resolved "https://registry.npmjs.org/utf-8-validate/-/utf-8-validate-5.0.8.tgz"
  integrity sha512-k4dW/Qja1BYDl2qD4tOMB9PFVha/UJtxTc1cXYOe3WwA/2m0Yn4qB7wLMpJyLJ/7DR0XnTut3HsCSzDT4ZvKgA==
  dependencies:
    node-gyp-build "^4.3.0"

util-deprecate@^1.0.1:
  version "1.0.2"
  resolved "https://registry.npmjs.org/util-deprecate/-/util-deprecate-1.0.2.tgz"
  integrity sha1-RQ1Nyfpw3nMnYvvS1KKJgUGaDM8=

webidl-conversions@^3.0.0:
  version "3.0.1"
  resolved "https://registry.npmjs.org/webidl-conversions/-/webidl-conversions-3.0.1.tgz"
  integrity sha1-JFNCdeKnvGvnvIZhHMFq4KVlSHE=

websocket@^1.0.34:
  version "1.0.34"
  resolved "https://registry.npmjs.org/websocket/-/websocket-1.0.34.tgz"
  integrity sha512-PRDso2sGwF6kM75QykIesBijKSVceR6jL2G8NGYyq2XrItNC2P5/qL5XeR056GhA+Ly7JMFvJb9I312mJfmqnQ==
  dependencies:
    bufferutil "^4.0.1"
    debug "^2.2.0"
    es5-ext "^0.10.50"
    typedarray-to-buffer "^3.1.5"
    utf-8-validate "^5.0.2"
    yaeti "^0.0.6"

whatwg-url@^5.0.0:
  version "5.0.0"
  resolved "https://registry.npmjs.org/whatwg-url/-/whatwg-url-5.0.0.tgz"
  integrity sha1-lmRU6HZUYuN2RNNib2dCzotwll0=
  dependencies:
    tr46 "~0.0.3"
    webidl-conversions "^3.0.0"

xxhashjs@^0.2.2:
  version "0.2.2"
  resolved "https://registry.npmjs.org/xxhashjs/-/xxhashjs-0.2.2.tgz"
  integrity sha512-AkTuIuVTET12tpsVIQo+ZU6f/qDmKuRUcjaqR+OIvm+aCBsZ95i7UVY5WJ9TMsSaZ0DA2WxoZ4acu0sPH+OKAw==
  dependencies:
    cuint "^0.2.2"

yaeti@^0.0.6:
  version "0.0.6"
  resolved "https://registry.npmjs.org/yaeti/-/yaeti-0.0.6.tgz"
  integrity sha1-8m9ITXJoTPQr7ft2lwqhYI+/lXc=
